
Microsoft Visual Studio Solution File, Format Version 12.00
# Visual Studio Version 16
VisualStudioVersion = 16.0.29709.97
MinimumVisualStudioVersion = 10.0.40219.1
Project("{9A19103F-16F7-4668-BE54-9A1E7A4F7556}") = "Bootcamp.WebAPI", "Bootcamp.WebAPI.csproj", "{B5C7EC94-DE2B-48F7-BAA8-3737FF3BDDE7}"
EndProject
Global
	GlobalSection(SolutionConfigurationPlatforms) = preSolution
		Debug|Any CPU = Debug|Any CPU
		Release|Any CPU = Release|Any CPU
	EndGlobalSection
	GlobalSection(ProjectConfigurationPlatforms) = postSolution
		{B5C7EC94-DE2B-48F7-BAA8-3737FF3BDDE7}.Debug|Any CPU.ActiveCfg = Debug|Any CPU
		{B5C7EC94-DE2B-48F7-BAA8-3737FF3BDDE7}.Debug|Any CPU.Build.0 = Debug|Any CPU
		{B5C7EC94-DE2B-48F7-BAA8-3737FF3BDDE7}.Release|Any CPU.ActiveCfg = Release|Any CPU
		{B5C7EC94-DE2B-48F7-BAA8-3737FF3BDDE7}.Release|Any CPU.Build.0 = Release|Any CPU
	EndGlobalSection
	GlobalSection(SolutionProperties) = preSolution
		HideSolutionNode = FALSE
	EndGlobalSection
	GlobalSection(ExtensibilityGlobals) = postSolution
		SolutionGuid = {8FAFA21B-AC5A-4BD3-A7AD-1E22D47FE656}
	EndGlobalSection
EndGlobal
